{
  "name": "forge",
  "version": "1.0.0",
  "lockfileVersion": 3,
  "requires": true,
  "packages": {
    "": {
      "name": "forge",
      "version": "1.0.0",
      "license": "ISC",
      "dependencies": {
        "@account-abstraction/contracts": "^0.8.0"
      }
    },
    "node_modules/.pnpm/@account-abstraction+contracts@0.8.0": {
      "extraneous": true
    },
    "node_modules/.pnpm/@openzeppelin+contracts@3.4.2-solc-0.7/node_modules/@openzeppelin/contracts": {
      "version": "3.4.2-solc-0.7",
      "extraneous": true,
      "license": "MIT"
    },
    "node_modules/.pnpm/@openzeppelin+contracts@5.3.0/node_modules/@openzeppelin/contracts": {
      "version": "5.3.0",
      "extraneous": true,
      "license": "MIT"
    },
    "node_modules/.pnpm/@uniswap+lib@4.0.1-alpha/node_modules/@uniswap/lib": {
      "version": "4.0.1-alpha",
      "extraneous": true,
      "license": "GPL-3.0-or-later",
      "devDependencies": {
        "@types/chai": "^4.2.11",
        "@types/mocha": "^7.0.2",
        "chai": "^4.2.0",
        "ethereum-waffle": "^3.0.0",
        "mocha": "^7.1.1",
        "prettier": "^2.1.2",
        "prettier-plugin-solidity": "^1.0.0-alpha.59",
        "rimraf": "^3.0.2",
        "solc": "^0.6.0",
        "solhint-plugin-prettier": "^0.0.5",
        "ts-node": "^8.9.0",
        "typescript": "^3.8.3"
      },
      "engines": {
        "node": ">=10"
      }
    },
    "node_modules/.pnpm/@uniswap+v2-core@1.0.1/node_modules/@uniswap/v2-core": {
      "version": "1.0.1",
      "extraneous": true,
      "license": "GPL-3.0-or-later",
      "devDependencies": {
        "@types/chai": "^4.2.6",
        "@types/mocha": "^5.2.7",
        "chai": "^4.2.0",
        "ethereum-waffle": "^2.4.1",
        "ethereumjs-util": "^6.2.0",
        "mocha": "^6.2.2",
        "prettier": "^1.19.1",
        "rimraf": "^3.0.0",
        "solc": "0.5.16",
        "ts-node": "^8.5.4",
        "typescript": "^3.7.3"
      },
      "engines": {
        "node": ">=10"
      }
    },
    "node_modules/.pnpm/@uniswap+v3-core@1.0.1/node_modules/@uniswap/v3-core": {
      "version": "1.0.1",
      "extraneous": true,
      "license": "BUSL-1.1",
      "devDependencies": {
        "@nomiclabs/hardhat-ethers": "^2.0.2",
        "@nomiclabs/hardhat-etherscan": "^2.1.8",
        "@nomiclabs/hardhat-waffle": "^2.0.1",
        "@typechain/ethers-v5": "^4.0.0",
        "@types/chai": "^4.2.6",
        "@types/mocha": "^5.2.7",
        "chai": "^4.2.0",
        "decimal.js": "^10.2.1",
        "ethereum-waffle": "^3.0.2",
        "ethers": "^5.0.8",
        "hardhat": "^2.2.0",
        "hardhat-typechain": "^0.3.5",
        "mocha": "^6.2.2",
        "mocha-chai-jest-snapshot": "^1.1.0",
        "prettier": "^2.0.5",
        "prettier-plugin-solidity": "^1.0.0-alpha.59",
        "solhint": "^3.2.1",
        "solhint-plugin-prettier": "^0.0.5",
        "ts-generator": "^0.1.1",
        "ts-node": "^8.5.4",
        "typechain": "^4.0.0",
        "typescript": "^3.7.3"
      },
      "engines": {
        "node": ">=10"
      }
    },
    "node_modules/.pnpm/@uniswap+v3-periphery@1.4.4": {
      "extraneous": true
    },
    "node_modules/.pnpm/base64-sol@1.0.1/node_modules/base64-sol": {
      "version": "1.0.1",
      "extraneous": true,
      "license": "MIT"
    },
    "node_modules/@account-abstraction/contracts": {
      "version": "0.8.0",
      "resolved": "https://registry.npmjs.org/@account-abstraction/contracts/-/contracts-0.8.0.tgz",
      "integrity": "sha512-8krPx/gpnoT+5xAroagVCbeA7FbUigMZWXFKKPm+oghyr29Dksssdx5sI7xGv9212i4JPaDDUGFk58dpuwVgHA==",
      "license": "MIT",
      "dependencies": {
        "@openzeppelin/contracts": "^5.1.0",
        "@uniswap/v3-periphery": "^1.4.3"
      }
    },
    "node_modules/@openzeppelin/contracts": {
      "version": "5.3.0",
      "resolved": "https://registry.npmjs.org/@openzeppelin/contracts/-/contracts-5.3.0.tgz",
      "integrity": "sha512-zj/KGoW7zxWUE8qOI++rUM18v+VeLTTzKs/DJFkSzHpQFPD/jKKF0TrMxBfGLl3kpdELCNccvB3zmofSzm4nlA==",
      "license": "MIT"
    },
    "node_modules/@uniswap/lib": {
      "version": "4.0.1-alpha",
      "resolved": "https://registry.npmjs.org/@uniswap/lib/-/lib-4.0.1-alpha.tgz",
      "integrity": "sha512-f6UIliwBbRsgVLxIaBANF6w09tYqc6Y/qXdsrbEmXHyFA7ILiKrIwRFXe1yOg8M3cksgVsO9N7yuL2DdCGQKBA==",
      "license": "GPL-3.0-or-later",
      "engines": {
        "node": ">=10"
      }
    },
    "node_modules/@uniswap/v2-core": {
      "version": "1.0.1",
      "resolved": "https://registry.npmjs.org/@uniswap/v2-core/-/v2-core-1.0.1.tgz",
      "integrity": "sha512-MtybtkUPSyysqLY2U210NBDeCHX+ltHt3oADGdjqoThZaFRDKwM6k1Nb3F0A3hk5hwuQvytFWhrWHOEq6nVJ8Q==",
      "license": "GPL-3.0-or-later",
      "engines": {
        "node": ">=10"
      }
    },
    "node_modules/@uniswap/v3-core": {
      "version": "1.0.1",
      "resolved": "https://registry.npmjs.org/@uniswap/v3-core/-/v3-core-1.0.1.tgz",
      "integrity": "sha512-7pVk4hEm00j9tc71Y9+ssYpO6ytkeI0y7WE9P6UcmNzhxPePwyAxImuhVsTqWK9YFvzgtvzJHi64pBl4jUzKMQ==",
      "license": "BUSL-1.1",
      "engines": {
        "node": ">=10"
      }
    },
    "node_modules/@uniswap/v3-periphery": {
      "version": "1.4.4",
      "resolved": "https://registry.npmjs.org/@uniswap/v3-periphery/-/v3-periphery-1.4.4.tgz",
      "integrity": "sha512-S4+m+wh8HbWSO3DKk4LwUCPZJTpCugIsHrWR86m/OrUyvSqGDTXKFfc2sMuGXCZrD1ZqO3rhQsKgdWg3Hbb2Kw==",
      "license": "GPL-2.0-or-later",
      "dependencies": {
        "@openzeppelin/contracts": "3.4.2-solc-0.7",
        "@uniswap/lib": "^4.0.1-alpha",
        "@uniswap/v2-core": "^1.0.1",
        "@uniswap/v3-core": "^1.0.0",
        "base64-sol": "1.0.1"
      },
      "engines": {
        "node": ">=10"
      }
    },
    "node_modules/@uniswap/v3-periphery/node_modules/@openzeppelin/contracts": {
      "version": "3.4.2-solc-0.7",
      "resolved": "https://registry.npmjs.org/@openzeppelin/contracts/-/contracts-3.4.2-solc-0.7.tgz",
      "integrity": "sha512-W6QmqgkADuFcTLzHL8vVoNBtkwjvQRpYIAom7KiUNoLKghyx3FgH0GBjt8NRvigV1ZmMOBllvE1By1C+bi8WpA==",
      "license": "MIT"
    },
    "node_modules/base64-sol": {
      "version": "1.0.1",
      "resolved": "https://registry.npmjs.org/base64-sol/-/base64-sol-1.0.1.tgz",
      "integrity": "sha512-ld3cCNMeXt4uJXmLZBHFGMvVpK9KsLVEhPpFRXnvSVAqABKbuNZg/+dsq3NuM+wxFLb/UrVkz7m1ciWmkMfTbg==",
      "license": "MIT"
    }
  }
}
