lockfileVersion: '9.0'

settings:
  autoInstallPeers: true
  excludeLinksFromLockfile: false

importers:

  .:
    dependencies:
      '@account-abstraction/contracts':
        specifier: ^0.8.0
        version: 0.8.0

packages:

  '@account-abstraction/contracts@0.8.0':
    resolution: {integrity: sha512-8krPx/gpnoT+5xAroagVCbeA7FbUigMZWXFKKPm+oghyr29Dksssdx5sI7xGv9212i4JPaDDUGFk58dpuwVgHA==}

  '@openzeppelin/contracts@3.4.2-solc-0.7':
    resolution: {integrity: sha512-W6QmqgkADuFcTLzHL8vVoNBtkwjvQRpYIAom7KiUNoLKghyx3FgH0GBjt8NRvigV1ZmMOBllvE1By1C+bi8WpA==}

  '@openzeppelin/contracts@5.3.0':
    resolution: {integrity: sha512-zj/KGoW7zxWUE8qOI++rUM18v+VeLTTzKs/DJFkSzHpQFPD/jKKF0TrMxBfGLl3kpdELCNccvB3zmofSzm4nlA==}

  '@uniswap/lib@4.0.1-alpha':
    resolution: {integrity: sha512-f6UIliwBbRsgVLxIaBANF6w09tYqc6Y/qXdsrbEmXHyFA7ILiKrIwRFXe1yOg8M3cksgVsO9N7yuL2DdCGQKBA==}
    engines: {node: '>=10'}

  '@uniswap/v2-core@1.0.1':
    resolution: {integrity: sha512-MtybtkUPSyysqLY2U210NBDeCHX+ltHt3oADGdjqoThZaFRDKwM6k1Nb3F0A3hk5hwuQvytFWhrWHOEq6nVJ8Q==}
    engines: {node: '>=10'}

  '@uniswap/v3-core@1.0.1':
    resolution: {integrity: sha512-7pVk4hEm00j9tc71Y9+ssYpO6ytkeI0y7WE9P6UcmNzhxPePwyAxImuhVsTqWK9YFvzgtvzJHi64pBl4jUzKMQ==}
    engines: {node: '>=10'}

  '@uniswap/v3-periphery@1.4.4':
    resolution: {integrity: sha512-S4+m+wh8HbWSO3DKk4LwUCPZJTpCugIsHrWR86m/OrUyvSqGDTXKFfc2sMuGXCZrD1ZqO3rhQsKgdWg3Hbb2Kw==}
    engines: {node: '>=10'}

  base64-sol@1.0.1:
    resolution: {integrity: sha512-ld3cCNMeXt4uJXmLZBHFGMvVpK9KsLVEhPpFRXnvSVAqABKbuNZg/+dsq3NuM+wxFLb/UrVkz7m1ciWmkMfTbg==}

snapshots:

  '@account-abstraction/contracts@0.8.0':
    dependencies:
      '@openzeppelin/contracts': 5.3.0
      '@uniswap/v3-periphery': 1.4.4

  '@openzeppelin/contracts@3.4.2-solc-0.7': {}

  '@openzeppelin/contracts@5.3.0': {}

  '@uniswap/lib@4.0.1-alpha': {}

  '@uniswap/v2-core@1.0.1': {}

  '@uniswap/v3-core@1.0.1': {}

  '@uniswap/v3-periphery@1.4.4':
    dependencies:
      '@openzeppelin/contracts': 3.4.2-solc-0.7
      '@uniswap/lib': 4.0.1-alpha
      '@uniswap/v2-core': 1.0.1
      '@uniswap/v3-core': 1.0.1
      base64-sol: 1.0.1

  base64-sol@1.0.1: {}
